
Microsoft Visual Studio Solution File, Format Version 12.00
# Visual Studio Version 16
VisualStudioVersion = 16.0.31205.134
MinimumVisualStudioVersion = 10.0.40219.1
Project("{FAE04EC0-301F-11D3-BF4B-00C04F79EFBC}") = "Oiga.Events", "Oiga.Events\Oiga.Events.csproj", "{CC772B12-60FD-448E-8164-743BEF203FDC}"
EndProject
Global
	GlobalSection(SolutionConfigurationPlatforms) = preSolution
		Debug|Any CPU = Debug|Any CPU
		Release|Any CPU = Release|Any CPU
	EndGlobalSection
	GlobalSection(ProjectConfigurationPlatforms) = postSolution
		{CC772B12-60FD-448E-8164-743BEF203FDC}.Debug|Any CPU.ActiveCfg = Debug|Any CPU
		{CC772B12-60FD-448E-8164-743BEF203FDC}.Debug|Any CPU.Build.0 = Debug|Any CPU
		{CC772B12-60FD-448E-8164-743BEF203FDC}.Release|Any CPU.ActiveCfg = Release|Any CPU
		{CC772B12-60FD-448E-8164-743BEF203FDC}.Release|Any CPU.Build.0 = Release|Any CPU
	EndGlobalSection
	GlobalSection(SolutionProperties) = preSolution
		HideSolutionNode = FALSE
	EndGlobalSection
	GlobalSection(ExtensibilityGlobals) = postSolution
		SolutionGuid = {78DCA009-FAC0-4D32-9B8D-BF3F43215A6F}
	EndGlobalSection
EndGlobal
